// !$*UTF8*$!
{
	archiveVersion = 1;
	classes = {
	};
	objectVersion = 46;
	objects = {

/* Begin PBXBuildFile section */
		C5242D7718D20FBB00F6C6BF /* Foundation.framework in Frameworks */ = {isa = PBXBuildFile; fileRef = C5242D7618D20FBB00F6C6BF /* Foundation.framework */; };
		C5242D7918D20FBB00F6C6BF /* CoreGraphics.framework in Frameworks */ = {isa = PBXBuildFile; fileRef = C5242D7818D20FBB00F6C6BF /* CoreGraphics.framework */; };
		C5242D7B18D20FBB00F6C6BF /* UIKit.framework in Frameworks */ = {isa = PBXBuildFile; fileRef = C5242D7A18D20FBB00F6C6BF /* UIKit.framework */; };
		C5242D8118D20FBB00F6C6BF /* InfoPlist.strings in Resources */ = {isa = PBXBuildFile; fileRef = C5242D7F18D20FBB00F6C6BF /* InfoPlist.strings */; };
		C5242D8318D20FBB00F6C6BF /* main.m in Sources */ = {isa = PBXBuildFile; fileRef = C5242D8218D20FBB00F6C6BF /* main.m */; };
		C5242D8718D20FBB00F6C6BF /* BENAppDelegate.m in Sources */ = {isa = PBXBuildFile; fileRef = C5242D8618D20FBB00F6C6BF /* BENAppDelegate.m */; };
		C5242D8918D20FBB00F6C6BF /* Images.xcassets in Resources */ = {isa = PBXBuildFile; fileRef = C5242D8818D20FBB00F6C6BF /* Images.xcassets */; };
		C5242D9018D20FBB00F6C6BF /* XCTest.framework in Frameworks */ = {isa = PBXBuildFile; fileRef = C5242D8F18D20FBB00F6C6BF /* XCTest.framework */; };
		C5242D9118D20FBB00F6C6BF /* Foundation.framework in Frameworks */ = {isa = PBXBuildFile; fileRef = C5242D7618D20FBB00F6C6BF /* Foundation.framework */; };
		C5242D9218D20FBB00F6C6BF /* UIKit.framework in Frameworks */ = {isa = PBXBuildFile; fileRef = C5242D7A18D20FBB00F6C6BF /* UIKit.framework */; };
		C5242D9A18D20FBB00F6C6BF /* InfoPlist.strings in Resources */ = {isa = PBXBuildFile; fileRef = C5242D9818D20FBB00F6C6BF /* InfoPlist.strings */; };
		C5242D9C18D20FBB00F6C6BF /* BENTagsViewDemoTests.m in Sources */ = {isa = PBXBuildFile; fileRef = C5242D9B18D20FBB00F6C6BF /* BENTagsViewDemoTests.m */; };
		C5242DA718D20FF600F6C6BF /* BENTagsDemoController.m in Sources */ = {isa = PBXBuildFile; fileRef = C5242DA618D20FF600F6C6BF /* BENTagsDemoController.m */; };
		C5242DAD18D2102B00F6C6BF /* BENTag.m in Sources */ = {isa = PBXBuildFile; fileRef = C5242DAA18D2102B00F6C6BF /* BENTag.m */; };
		C5242DAE18D2102B00F6C6BF /* BENTagsView.m in Sources */ = {isa = PBXBuildFile; fileRef = C5242DAC18D2102B00F6C6BF /* BENTagsView.m */; };
		E958829718DB642D0033B561 /* Screenshot.png in Resources */ = {isa = PBXBuildFile; fileRef = E958829618DB642D0033B561 /* Screenshot.png */; };
/* End PBXBuildFile section */

/* Begin PBXContainerItemProxy section */
		C5242D9318D20FBB00F6C6BF /* PBXContainerItemProxy */ = {
			isa = PBXContainerItemProxy;
			containerPortal = C5242D6B18D20FBB00F6C6BF /* Project object */;
			proxyType = 1;
			remoteGlobalIDString = C5242D7218D20FBB00F6C6BF;
			remoteInfo = BENTagsViewDemo;
		};
/* End PBXContainerItemProxy section */

/* Begin PBXFileReference section */
		C5242D7318D20FBB00F6C6BF /* BENTagsViewDemo.app */ = {isa = PBXFileReference; explicitFileType = wrapper.application; includeInIndex = 0; path = BENTagsViewDemo.app; sourceTree = BUILT_PRODUCTS_DIR; };
		C5242D7618D20FBB00F6C6BF /* Foundation.framework */ = {isa = PBXFileReference; lastKnownFileType = wrapper.framework; name = Foundation.framework; path = System/Library/Frameworks/Foundation.framework; sourceTree = SDKROOT; };
		C5242D7818D20FBB00F6C6BF /* CoreGraphics.framework */ = {isa = PBXFileReference; lastKnownFileType = wrapper.framework; name = CoreGraphics.framework; path = System/Library/Frameworks/CoreGraphics.framework; sourceTree = SDKROOT; };
		C5242D7A18D20FBB00F6C6BF /* UIKit.framework */ = {isa = PBXFileReference; lastKnownFileType = wrapper.framework; name = UIKit.framework; path = System/Library/Frameworks/UIKit.framework; sourceTree = SDKROOT; };
		C5242D7E18D20FBB00F6C6BF /* BENTagsViewDemo-Info.plist */ = {isa = PBXFileReference; lastKnownFileType = text.plist.xml; path = "BENTagsViewDemo-Info.plist"; sourceTree = "<group>"; };
		C5242D8018D20FBB00F6C6BF /* en */ = {isa = PBXFileReference; lastKnownFileType = text.plist.strings; name = en; path = en.lproj/InfoPlist.strings; sourceTree = "<group>"; };
		C5242D8218D20FBB00F6C6BF /* main.m */ = {isa = PBXFileReference; lastKnownFileType = sourcecode.c.objc; path = main.m; sourceTree = "<group>"; };
		C5242D8418D20FBB00F6C6BF /* BENTagsViewDemo-Prefix.pch */ = {isa = PBXFileReference; lastKnownFileType = sourcecode.c.h; path = "BENTagsViewDemo-Prefix.pch"; sourceTree = "<group>"; };
		C5242D8518D20FBB00F6C6BF /* BENAppDelegate.h */ = {isa = PBXFileReference; lastKnownFileType = sourcecode.c.h; path = BENAppDelegate.h; sourceTree = "<group>"; };
		C5242D8618D20FBB00F6C6BF /* BENAppDelegate.m */ = {isa = PBXFileReference; lastKnownFileType = sourcecode.c.objc; path = BENAppDelegate.m; sourceTree = "<group>"; };
		C5242D8818D20FBB00F6C6BF /* Images.xcassets */ = {isa = PBXFileReference; lastKnownFileType = folder.assetcatalog; path = Images.xcassets; sourceTree = "<group>"; };
		C5242D8E18D20FBB00F6C6BF /* BENTagsViewDemoTests.xctest */ = {isa = PBXFileReference; explicitFileType = wrapper.cfbundle; includeInIndex = 0; path = BENTagsViewDemoTests.xctest; sourceTree = BUILT_PRODUCTS_DIR; };
		C5242D8F18D20FBB00F6C6BF /* XCTest.framework */ = {isa = PBXFileReference; lastKnownFileType = wrapper.framework; name = XCTest.framework; path = Library/Frameworks/XCTest.framework; sourceTree = DEVELOPER_DIR; };
		C5242D9718D20FBB00F6C6BF /* BENTagsViewDemoTests-Info.plist */ = {isa = PBXFileReference; lastKnownFileType = text.plist.xml; path = "BENTagsViewDemoTests-Info.plist"; sourceTree = "<group>"; };
		C5242D9918D20FBB00F6C6BF /* en */ = {isa = PBXFileReference; lastKnownFileType = text.plist.strings; name = en; path = en.lproj/InfoPlist.strings; sourceTree = "<group>"; };
		C5242D9B18D20FBB00F6C6BF /* BENTagsViewDemoTests.m */ = {isa = PBXFileReference; lastKnownFileType = sourcecode.c.objc; path = BENTagsViewDemoTests.m; sourceTree = "<group>"; };
		C5242DA518D20FF600F6C6BF /* BENTagsDemoController.h */ = {isa = PBXFileReference; fileEncoding = 4; lastKnownFileType = sourcecode.c.h; path = BENTagsDemoController.h; sourceTree = "<group>"; };
		C5242DA618D20FF600F6C6BF /* BENTagsDemoController.m */ = {isa = PBXFileReference; fileEncoding = 4; lastKnownFileType = sourcecode.c.objc; path = BENTagsDemoController.m; sourceTree = "<group>"; };
		C5242DA918D2102B00F6C6BF /* BENTag.h */ = {isa = PBXFileReference; fileEncoding = 4; lastKnownFileType = sourcecode.c.h; path = BENTag.h; sourceTree = "<group>"; };
		C5242DAA18D2102B00F6C6BF /* BENTag.m */ = {isa = PBXFileReference; fileEncoding = 4; lastKnownFileType = sourcecode.c.objc; path = BENTag.m; sourceTree = "<group>"; };
		C5242DAB18D2102B00F6C6BF /* BENTagsView.h */ = {isa = PBXFileReference; fileEncoding = 4; lastKnownFileType = sourcecode.c.h; path = BENTagsView.h; sourceTree = "<group>"; };
		C5242DAC18D2102B00F6C6BF /* BENTagsView.m */ = {isa = PBXFileReference; fileEncoding = 4; lastKnownFileType = sourcecode.c.objc; path = BENTagsView.m; sourceTree = "<group>"; };
		E958829618DB642D0033B561 /* Screenshot.png */ = {isa = PBXFileReference; lastKnownFileType = image.png; path = Screenshot.png; sourceTree = "<group>"; };
/* End PBXFileReference section */

/* Begin PBXFrameworksBuildPhase section */
		C5242D7018D20FBB00F6C6BF /* Frameworks */ = {
			isa = PBXFrameworksBuildPhase;
			buildActionMask = 2147483647;
			files = (
				C5242D7918D20FBB00F6C6BF /* CoreGraphics.framework in Frameworks */,
				C5242D7B18D20FBB00F6C6BF /* UIKit.framework in Frameworks */,
				C5242D7718D20FBB00F6C6BF /* Foundation.framework in Frameworks */,
			);
			runOnlyForDeploymentPostprocessing = 0;
		};
		C5242D8B18D20FBB00F6C6BF /* Frameworks */ = {
			isa = PBXFrameworksBuildPhase;
			buildActionMask = 2147483647;
			files = (
				C5242D9018D20FBB00F6C6BF /* XCTest.framework in Frameworks */,
				C5242D9218D20FBB00F6C6BF /* UIKit.framework in Frameworks */,
				C5242D9118D20FBB00F6C6BF /* Foundation.framework in Frameworks */,
			);
			runOnlyForDeploymentPostprocessing = 0;
		};
/* End PBXFrameworksBuildPhase section */

/* Begin PBXGroup section */
		C5242D6A18D20FBB00F6C6BF = {
			isa = PBXGroup;
			children = (
				C5242DA818D2101700F6C6BF /* BENTagsView */,
				C5242D7C18D20FBB00F6C6BF /* BENTagsViewDemo */,
				C5242D9518D20FBB00F6C6BF /* BENTagsViewDemoTests */,
				C5242D7518D20FBB00F6C6BF /* Frameworks */,
				C5242D7418D20FBB00F6C6BF /* Products */,
			);
			sourceTree = "<group>";
		};
		C5242D7418D20FBB00F6C6BF /* Products */ = {
			isa = PBXGroup;
			children = (
				C5242D7318D20FBB00F6C6BF /* BENTagsViewDemo.app */,
				C5242D8E18D20FBB00F6C6BF /* BENTagsViewDemoTests.xctest */,
			);
			name = Products;
			sourceTree = "<group>";
		};
		C5242D7518D20FBB00F6C6BF /* Frameworks */ = {
			isa = PBXGroup;
			children = (
				C5242D7618D20FBB00F6C6BF /* Foundation.framework */,
				C5242D7818D20FBB00F6C6BF /* CoreGraphics.framework */,
				C5242D7A18D20FBB00F6C6BF /* UIKit.framework */,
				C5242D8F18D20FBB00F6C6BF /* XCTest.framework */,
			);
			name = Frameworks;
			sourceTree = "<group>";
		};
		C5242D7C18D20FBB00F6C6BF /* BENTagsViewDemo */ = {
			isa = PBXGroup;
			children = (
				C5242D8518D20FBB00F6C6BF /* BENAppDelegate.h */,
				C5242D8618D20FBB00F6C6BF /* BENAppDelegate.m */,
				C5242DA518D20FF600F6C6BF /* BENTagsDemoController.h */,
				C5242DA618D20FF600F6C6BF /* BENTagsDemoController.m */,
				C5242D8818D20FBB00F6C6BF /* Images.xcassets */,
				C5242D7D18D20FBB00F6C6BF /* Supporting Files */,
			);
			path = BENTagsViewDemo;
			sourceTree = "<group>";
		};
		C5242D7D18D20FBB00F6C6BF /* Supporting Files */ = {
			isa = PBXGroup;
			children = (
				C5242D7E18D20FBB00F6C6BF /* BENTagsViewDemo-Info.plist */,
				C5242D7F18D20FBB00F6C6BF /* InfoPlist.strings */,
				C5242D8218D20FBB00F6C6BF /* main.m */,
				C5242D8418D20FBB00F6C6BF /* BENTagsViewDemo-Prefix.pch */,
				E958829618DB642D0033B561 /* Screenshot.png */,
			);
			name = "Supporting Files";
			sourceTree = "<group>";
		};
		C5242D9518D20FBB00F6C6BF /* BENTagsViewDemoTests */ = {
			isa = PBXGroup;
			children = (
				C5242D9B18D20FBB00F6C6BF /* BENTagsViewDemoTests.m */,
				C5242D9618D20FBB00F6C6BF /* Supporting Files */,
			);
			path = BENTagsViewDemoTests;
			sourceTree = "<group>";
		};
		C5242D9618D20FBB00F6C6BF /* Supporting Files */ = {
			isa = PBXGroup;
			children = (
				C5242D9718D20FBB00F6C6BF /* BENTagsViewDemoTests-Info.plist */,
				C5242D9818D20FBB00F6C6BF /* InfoPlist.strings */,
			);
			name = "Supporting Files";
			sourceTree = "<group>";
		};
		C5242DA818D2101700F6C6BF /* BENTagsView */ = {
			isa = PBXGroup;
			children = (
				C5242DA918D2102B00F6C6BF /* BENTag.h */,
				C5242DAA18D2102B00F6C6BF /* BENTag.m */,
				C5242DAB18D2102B00F6C6BF /* BENTagsView.h */,
				C5242DAC18D2102B00F6C6BF /* BENTagsView.m */,
			);
			path = BENTagsView;
			sourceTree = "<group>";
		};
/* End PBXGroup section */

/* Begin PBXNativeTarget section */
		C5242D7218D20FBB00F6C6BF /* BENTagsViewDemo */ = {
			isa = PBXNativeTarget;
			buildConfigurationList = C5242D9F18D20FBB00F6C6BF /* Build configuration list for PBXNativeTarget "BENTagsViewDemo" */;
			buildPhases = (
				C5242D6F18D20FBB00F6C6BF /* Sources */,
				C5242D7018D20FBB00F6C6BF /* Frameworks */,
				C5242D7118D20FBB00F6C6BF /* Resources */,
			);
			buildRules = (
			);
			dependencies = (
			);
			name = BENTagsViewDemo;
			productName = BENTagsViewDemo;
			productReference = C5242D7318D20FBB00F6C6BF /* BENTagsViewDemo.app */;
			productType = "com.apple.product-type.application";
		};
		C5242D8D18D20FBB00F6C6BF /* BENTagsViewDemoTests */ = {
			isa = PBXNativeTarget;
			buildConfigurationList = C5242DA218D20FBB00F6C6BF /* Build configuration list for PBXNativeTarget "BENTagsViewDemoTests" */;
			buildPhases = (
				C5242D8A18D20FBB00F6C6BF /* Sources */,
				C5242D8B18D20FBB00F6C6BF /* Frameworks */,
				C5242D8C18D20FBB00F6C6BF /* Resources */,
			);
			buildRules = (
			);
			dependencies = (
				C5242D9418D20FBB00F6C6BF /* PBXTargetDependency */,
			);
			name = BENTagsViewDemoTests;
			productName = BENTagsViewDemoTests;
			productReference = C5242D8E18D20FBB00F6C6BF /* BENTagsViewDemoTests.xctest */;
			productType = "com.apple.product-type.bundle.unit-test";
		};
/* End PBXNativeTarget section */

/* Begin PBXProject section */
		C5242D6B18D20FBB00F6C6BF /* Project object */ = {
			isa = PBXProject;
			attributes = {
				CLASSPREFIX = BEN;
				LastUpgradeCheck = 0510;
				ORGANIZATIONNAME = "Ben Packard";
				TargetAttributes = {
					C5242D8D18D20FBB00F6C6BF = {
						TestTargetID = C5242D7218D20FBB00F6C6BF;
					};
				};
			};
			buildConfigurationList = C5242D6E18D20FBB00F6C6BF /* Build configuration list for PBXProject "BENTagsViewDemo" */;
			compatibilityVersion = "Xcode 3.2";
			developmentRegion = English;
			hasScannedForEncodings = 0;
			knownRegions = (
				en,
			);
			mainGroup = C5242D6A18D20FBB00F6C6BF;
			productRefGroup = C5242D7418D20FBB00F6C6BF /* Products */;
			projectDirPath = "";
			projectRoot = "";
			targets = (
				C5242D7218D20FBB00F6C6BF /* BENTagsViewDemo */,
				C5242D8D18D20FBB00F6C6BF /* BENTagsViewDemoTests */,
			);
		};
/* End PBXProject section */

/* Begin PBXResourcesBuildPhase section */
		C5242D7118D20FBB00F6C6BF /* Resources */ = {
			isa = PBXResourcesBuildPhase;
			buildActionMask = 2147483647;
			files = (
				C5242D8118D20FBB00F6C6BF /* InfoPlist.strings in Resources */,
				C5242D8918D20FBB00F6C6BF /* Images.xcassets in Resources */,
				E958829718DB642D0033B561 /* Screenshot.png in Resources */,
			);
			runOnlyForDeploymentPostprocessing = 0;
		};
		C5242D8C18D20FBB00F6C6BF /* Resources */ = {
			isa = PBXResourcesBuildPhase;
			buildActionMask = 2147483647;
			files = (
				C5242D9A18D20FBB00F6C6BF /* InfoPlist.strings in Resources */,
			);
			runOnlyForDeploymentPostprocessing = 0;
		};
/* End PBXResourcesBuildPhase section */

/* Begin PBXSourcesBuildPhase section */
		C5242D6F18D20FBB00F6C6BF /* Sources */ = {
			isa = PBXSourcesBuildPhase;
			buildActionMask = 2147483647;
			files = (
				C5242DAE18D2102B00F6C6BF /* BENTagsView.m in Sources */,
				C5242DAD18D2102B00F6C6BF /* BENTag.m in Sources */,
				C5242D8718D20FBB00F6C6BF /* BENAppDelegate.m in Sources */,
				C5242DA718D20FF600F6C6BF /* BENTagsDemoController.m in Sources */,
				C5242D8318D20FBB00F6C6BF /* main.m in Sources */,
			);
			runOnlyForDeploymentPostprocessing = 0;
		};
		C5242D8A18D20FBB00F6C6BF /* Sources */ = {
			isa = PBXSourcesBuildPhase;
			buildActionMask = 2147483647;
			files = (
				C5242D9C18D20FBB00F6C6BF /* BENTagsViewDemoTests.m in Sources */,
			);
			runOnlyForDeploymentPostprocessing = 0;
		};
/* End PBXSourcesBuildPhase section */

/* Begin PBXTargetDependency section */
		C5242D9418D20FBB00F6C6BF /* PBXTargetDependency */ = {
			isa = PBXTargetDependency;
			target = C5242D7218D20FBB00F6C6BF /* BENTagsViewDemo */;
			targetProxy = C5242D9318D20FBB00F6C6BF /* PBXContainerItemProxy */;
		};
/* End PBXTargetDependency section */

/* Begin PBXVariantGroup section */
		C5242D7F18D20FBB00F6C6BF /* InfoPlist.strings */ = {
			isa = PBXVariantGroup;
			children = (
				C5242D8018D20FBB00F6C6BF /* en */,
			);
			name = InfoPlist.strings;
			sourceTree = "<group>";
		};
		C5242D9818D20FBB00F6C6BF /* InfoPlist.strings */ = {
			isa = PBXVariantGroup;
			children = (
				C5242D9918D20FBB00F6C6BF /* en */,
			);
			name = InfoPlist.strings;
			sourceTree = "<group>";
		};
/* End PBXVariantGroup section */

/* Begin XCBuildConfiguration section */
		C5242D9D18D20FBB00F6C6BF /* Debug */ = {
			isa = XCBuildConfiguration;
			buildSettings = {
				ALWAYS_SEARCH_USER_PATHS = NO;
				CLANG_CXX_LANGUAGE_STANDARD = "gnu++0x";
				CLANG_CXX_LIBRARY = "libc++";
				CLANG_ENABLE_MODULES = YES;
				CLANG_ENABLE_OBJC_ARC = YES;
				CLANG_WARN_BOOL_CONVERSION = YES;
				CLANG_WARN_CONSTANT_CONVERSION = YES;
				CLANG_WARN_DIRECT_OBJC_ISA_USAGE = YES_ERROR;
				CLANG_WARN_EMPTY_BODY = YES;
				CLANG_WARN_ENUM_CONVERSION = YES;
				CLANG_WARN_INT_CONVERSION = YES;
				CLANG_WARN_OBJC_ROOT_CLASS = YES_ERROR;
				CLANG_WARN__DUPLICATE_METHOD_MATCH = YES;
				"CODE_SIGN_IDENTITY[sdk=iphoneos*]" = "iPhone Developer";
				COPY_PHASE_STRIP = NO;
				GCC_C_LANGUAGE_STANDARD = gnu99;
				GCC_DYNAMIC_NO_PIC = NO;
				GCC_OPTIMIZATION_LEVEL = 0;
				GCC_PREPROCESSOR_DEFINITIONS = (
					"DEBUG=1",
					"$(inherited)",
				);
				GCC_SYMBOLS_PRIVATE_EXTERN = NO;
				GCC_WARN_64_TO_32_BIT_CONVERSION = YES;
				GCC_WARN_ABOUT_RETURN_TYPE = YES_ERROR;
				GCC_WARN_UNDECLARED_SELECTOR = YES;
				GCC_WARN_UNINITIALIZED_AUTOS = YES_AGGRESSIVE;
				GCC_WARN_UNUSED_FUNCTION = YES;
				GCC_WARN_UNUSED_VARIABLE = YES;
				IPHONEOS_DEPLOYMENT_TARGET = 7.1;
				ONLY_ACTIVE_ARCH = YES;
				SDKROOT = iphoneos;
			};
			name = Debug;
		};
		C5242D9E18D20FBB00F6C6BF /* Release */ = {
			isa = XCBuildConfiguration;
			buildSettings = {
				ALWAYS_SEARCH_USER_PATHS = NO;
				CLANG_CXX_LANGUAGE_STANDARD = "gnu++0x";
				CLANG_CXX_LIBRARY = "libc++";
				CLANG_ENABLE_MODULES = YES;
				CLANG_ENABLE_OBJC_ARC = YES;
				CLANG_WARN_BOOL_CONVERSION = YES;
				CLANG_WARN_CONSTANT_CONVERSION = YES;
				CLANG_WARN_DIRECT_OBJC_ISA_USAGE = YES_ERROR;
				CLANG_WARN_EMPTY_BODY = YES;
				CLANG_WARN_ENUM_CONVERSION = YES;
				CLANG_WARN_INT_CONVERSION = YES;
				CLANG_WARN_OBJC_ROOT_CLASS = YES_ERROR;
				CLANG_WARN__DUPLICATE_METHOD_MATCH = YES;
				"CODE_SIGN_IDENTITY[sdk=iphoneos*]" = "iPhone Developer";
				COPY_PHASE_STRIP = YES;
				ENABLE_NS_ASSERTIONS = NO;
				GCC_C_LANGUAGE_STANDARD = gnu99;
				GCC_WARN_64_TO_32_BIT_CONVERSION = YES;
				GCC_WARN_ABOUT_RETURN_TYPE = YES_ERROR;
				GCC_WARN_UNDECLARED_SELECTOR = YES;
				GCC_WARN_UNINITIALIZED_AUTOS = YES_AGGRESSIVE;
				GCC_WARN_UNUSED_FUNCTION = YES;
				GCC_WARN_UNUSED_VARIABLE = YES;
				IPHONEOS_DEPLOYMENT_TARGET = 7.1;
				SDKROOT = iphoneos;
				VALIDATE_PRODUCT = YES;
			};
			name = Release;
		};
		C5242DA018D20FBB00F6C6BF /* Debug */ = {
			isa = XCBuildConfiguration;
			buildSettings = {
				ASSETCATALOG_COMPILER_APPICON_NAME = AppIcon;
				ASSETCATALOG_COMPILER_LAUNCHIMAGE_NAME = LaunchImage;
				GCC_PRECOMPILE_PREFIX_HEADER = YES;
				GCC_PREFIX_HEADER = "BENTagsViewDemo/BENTagsViewDemo-Prefix.pch";
				INFOPLIST_FILE = "BENTagsViewDemo/BENTagsViewDemo-Info.plist";
				PRODUCT_NAME = "$(TARGET_NAME)";
				WRAPPER_EXTENSION = app;
			};
			name = Debug;
		};
		C5242DA118D20FBB00F6C6BF /* Release */ = {
			isa = XCBuildConfiguration;
			buildSettings = {
				ASSETCATALOG_COMPILER_APPICON_NAME = AppIcon;
				ASSETCATALOG_COMPILER_LAUNCHIMAGE_NAME = LaunchImage;
				GCC_PRECOMPILE_PREFIX_HEADER = YES;
				GCC_PREFIX_HEADER = "BENTagsViewDemo/BENTagsViewDemo-Prefix.pch";
				INFOPLIST_FILE = "BENTagsViewDemo/BENTagsViewDemo-Info.plist";
				PRODUCT_NAME = "$(TARGET_NAME)";
				WRAPPER_EXTENSION = app;
			};
			name = Release;
		};
		C5242DA318D20FBB00F6C6BF /* Debug */ = {
			isa = XCBuildConfiguration;
			buildSettings = {
				BUNDLE_LOADER = "$(BUILT_PRODUCTS_DIR)/BENTagsViewDemo.app/BENTagsViewDemo";
				FRAMEWORK_SEARCH_PATHS = (
					"$(SDKROOT)/Developer/Library/Frameworks",
					"$(inherited)",
					"$(DEVELOPER_FRAMEWORKS_DIR)",
				);
				GCC_PRECOMPILE_PREFIX_HEADER = YES;
				GCC_PREFIX_HEADER = "BENTagsViewDemo/BENTagsViewDemo-Prefix.pch";
				GCC_PREPROCESSOR_DEFINITIONS = (
					"DEBUG=1",
					"$(inherited)",
				);
				INFOPLIST_FILE = "BENTagsViewDemoTests/BENTagsViewDemoTests-Info.plist";
				PRODUCT_NAME = "$(TARGET_NAME)";
				TEST_HOST = "$(BUNDLE_LOADER)";
				WRAPPER_EXTENSION = xctest;
			};
			name = Debug;
		};
		C5242DA418D20FBB00F6C6BF /* Release */ = {
			isa = XCBuildConfiguration;
			buildSettings = {
				BUNDLE_LOADER = "$(BUILT_PRODUCTS_DIR)/BENTagsViewDemo.app/BENTagsViewDemo";
				FRAMEWORK_SEARCH_PATHS = (
					"$(SDKROOT)/Developer/Library/Frameworks",
					"$(inherited)",
					"$(DEVELOPER_FRAMEWORKS_DIR)",
				);
				GCC_PRECOMPILE_PREFIX_HEADER = YES;
				GCC_PREFIX_HEADER = "BENTagsViewDemo/BENTagsViewDemo-Prefix.pch";
				INFOPLIST_FILE = "BENTagsViewDemoTests/BENTagsViewDemoTests-Info.plist";
				PRODUCT_NAME = "$(TARGET_NAME)";
				TEST_HOST = "$(BUNDLE_LOADER)";
				WRAPPER_EXTENSION = xctest;
			};
			name = Release;
		};
/* End XCBuildConfiguration section */

/* Begin XCConfigurationList section */
		C5242D6E18D20FBB00F6C6BF /* Build configuration list for PBXProject "BENTagsViewDemo" */ = {
			isa = XCConfigurationList;
			buildConfigurations = (
				C5242D9D18D20FBB00F6C6BF /* Debug */,
				C5242D9E18D20FBB00F6C6BF /* Release */,
			);
			defaultConfigurationIsVisible = 0;
			defaultConfigurationName = Release;
		};
		C5242D9F18D20FBB00F6C6BF /* Build configuration list for PBXNativeTarget "BENTagsViewDemo" */ = {
			isa = XCConfigurationList;
			buildConfigurations = (
				C5242DA018D20FBB00F6C6BF /* Debug */,
				C5242DA118D20FBB00F6C6BF /* Release */,
			);
			defaultConfigurationIsVisible = 0;
			defaultConfigurationName = Release;
		};
		C5242DA218D20FBB00F6C6BF /* Build configuration list for PBXNativeTarget "BENTagsViewDemoTests" */ = {
			isa = XCConfigurationList;
			buildConfigurations = (
				C5242DA318D20FBB00F6C6BF /* Debug */,
				C5242DA418D20FBB00F6C6BF /* Release */,
			);
			defaultConfigurationIsVisible = 0;
			defaultConfigurationName = Release;
		};
/* End XCConfigurationList section */
	};
	rootObject = C5242D6B18D20FBB00F6C6BF /* Project object */;
}
